// !$*UTF8*$!
{
	archiveVersion = 1;
	classes = {
	};
	objectVersion = 50;
	objects = {

/* Begin PBXBuildFile section */
		52902D9725712C23002502E1 /* AppDelegate.swift in Sources */ = {isa = PBXBuildFile; fileRef = 52902D9625712C23002502E1 /* AppDelegate.swift */; };
		52902D9925712C23002502E1 /* SceneDelegate.swift in Sources */ = {isa = PBXBuildFile; fileRef = 52902D9825712C23002502E1 /* SceneDelegate.swift */; };
		52902D9B25712C23002502E1 /* ViewController.swift in Sources */ = {isa = PBXBuildFile; fileRef = 52902D9A25712C23002502E1 /* ViewController.swift */; };
		52902D9E25712C23002502E1 /* Main.storyboard in Resources */ = {isa = PBXBuildFile; fileRef = 52902D9C25712C23002502E1 /* Main.storyboard */; };
		52902DA025712C24002502E1 /* Assets.xcassets in Resources */ = {isa = PBXBuildFile; fileRef = 52902D9F25712C24002502E1 /* Assets.xcassets */; };
		52902DA325712C24002502E1 /* LaunchScreen.storyboard in Resources */ = {isa = PBXBuildFile; fileRef = 52902DA125712C24002502E1 /* LaunchScreen.storyboard */; };
		52902DAB25712D82002502E1 /* TealViewController.swift in Sources */ = {isa = PBXBuildFile; fileRef = 52902DAA25712D82002502E1 /* TealViewController.swift */; };
		52902DAD25712D8F002502E1 /* PinkViewController.swift in Sources */ = {isa = PBXBuildFile; fileRef = 52902DAC25712D8F002502E1 /* PinkViewController.swift */; };
		52902DAF257145CB002502E1 /* YellowViewController.swift in Sources */ = {isa = PBXBuildFile; fileRef = 52902DAE257145CB002502E1 /* YellowViewController.swift */; };
		52902DB125714852002502E1 /* GreenViewController.swift in Sources */ = {isa = PBXBuildFile; fileRef = 52902DB025714852002502E1 /* GreenViewController.swift */; };
/* End PBXBuildFile section */

/* Begin PBXFileReference section */
		52902D9325712C23002502E1 /* Beginner-Navigation-Controller.app */ = {isa = PBXFileReference; explicitFileType = wrapper.application; includeInIndex = 0; path = "Beginner-Navigation-Controller.app"; sourceTree = BUILT_PRODUCTS_DIR; };
		52902D9625712C23002502E1 /* AppDelegate.swift */ = {isa = PBXFileReference; lastKnownFileType = sourcecode.swift; path = AppDelegate.swift; sourceTree = "<group>"; };
		52902D9825712C23002502E1 /* SceneDelegate.swift */ = {isa = PBXFileReference; lastKnownFileType = sourcecode.swift; path = SceneDelegate.swift; sourceTree = "<group>"; };
		52902D9A25712C23002502E1 /* ViewController.swift */ = {isa = PBXFileReference; lastKnownFileType = sourcecode.swift; path = ViewController.swift; sourceTree = "<group>"; };
		52902D9D25712C23002502E1 /* Base */ = {isa = PBXFileReference; lastKnownFileType = file.storyboard; name = Base; path = Base.lproj/Main.storyboard; sourceTree = "<group>"; };
		52902D9F25712C24002502E1 /* Assets.xcassets */ = {isa = PBXFileReference; lastKnownFileType = folder.assetcatalog; path = Assets.xcassets; sourceTree = "<group>"; };
		52902DA225712C24002502E1 /* Base */ = {isa = PBXFileReference; lastKnownFileType = file.storyboard; name = Base; path = Base.lproj/LaunchScreen.storyboard; sourceTree = "<group>"; };
		52902DA425712C24002502E1 /* Info.plist */ = {isa = PBXFileReference; lastKnownFileType = text.plist.xml; path = Info.plist; sourceTree = "<group>"; };
		52902DAA25712D82002502E1 /* TealViewController.swift */ = {isa = PBXFileReference; lastKnownFileType = sourcecode.swift; path = TealViewController.swift; sourceTree = "<group>"; };
		52902DAC25712D8F002502E1 /* PinkViewController.swift */ = {isa = PBXFileReference; lastKnownFileType = sourcecode.swift; path = PinkViewController.swift; sourceTree = "<group>"; };
		52902DAE257145CB002502E1 /* YellowViewController.swift */ = {isa = PBXFileReference; lastKnownFileType = sourcecode.swift; path = YellowViewController.swift; sourceTree = "<group>"; };
		52902DB025714852002502E1 /* GreenViewController.swift */ = {isa = PBXFileReference; lastKnownFileType = sourcecode.swift; path = GreenViewController.swift; sourceTree = "<group>"; };
/* End PBXFileReference section */

/* Begin PBXFrameworksBuildPhase section */
		52902D9025712C23002502E1 /* Frameworks */ = {
			isa = PBXFrameworksBuildPhase;
			buildActionMask = 2147483647;
			files = (
			);
			runOnlyForDeploymentPostprocessing = 0;
		};
/* End PBXFrameworksBuildPhase section */

/* Begin PBXGroup section */
		52902D8A25712C23002502E1 = {
			isa = PBXGroup;
			children = (
				52902D9525712C23002502E1 /* Beginner-Navigation-Controller */,
				52902D9425712C23002502E1 /* Products */,
			);
			sourceTree = "<group>";
		};
		52902D9425712C23002502E1 /* Products */ = {
			isa = PBXGroup;
			children = (
				52902D9325712C23002502E1 /* Beginner-Navigation-Controller.app */,
			);
			name = Products;
			sourceTree = "<group>";
		};
		52902D9525712C23002502E1 /* Beginner-Navigation-Controller */ = {
			isa = PBXGroup;
			children = (
				52902D9625712C23002502E1 /* AppDelegate.swift */,
				52902D9825712C23002502E1 /* SceneDelegate.swift */,
				52902D9A25712C23002502E1 /* ViewController.swift */,
				52902D9C25712C23002502E1 /* Main.storyboard */,
				52902D9F25712C24002502E1 /* Assets.xcassets */,
				52902DA125712C24002502E1 /* LaunchScreen.storyboard */,
				52902DA425712C24002502E1 /* Info.plist */,
				52902DAA25712D82002502E1 /* TealViewController.swift */,
				52902DAC25712D8F002502E1 /* PinkViewController.swift */,
				52902DAE257145CB002502E1 /* YellowViewController.swift */,
				52902DB025714852002502E1 /* GreenViewController.swift */,
			);
			path = "Beginner-Navigation-Controller";
			sourceTree = "<group>";
		};
/* End PBXGroup section */

/* Begin PBXNativeTarget section */
		52902D9225712C23002502E1 /* Beginner-Navigation-Controller */ = {
			isa = PBXNativeTarget;
			buildConfigurationList = 52902DA725712C24002502E1 /* Build configuration list for PBXNativeTarget "Beginner-Navigation-Controller" */;
			buildPhases = (
				52902D8F25712C23002502E1 /* Sources */,
				52902D9025712C23002502E1 /* Frameworks */,
				52902D9125712C23002502E1 /* Resources */,
			);
			buildRules = (
			);
			dependencies = (
			);
			name = "Beginner-Navigation-Controller";
			productName = "Beginner-Navigation-Controller";
			productReference = 52902D9325712C23002502E1 /* Beginner-Navigation-Controller.app */;
			productType = "com.apple.product-type.application";
		};
/* End PBXNativeTarget section */

/* Begin PBXProject section */
		52902D8B25712C23002502E1 /* Project object */ = {
			isa = PBXProject;
			attributes = {
				LastSwiftUpdateCheck = 1160;
				LastUpgradeCheck = 1160;
				ORGANIZATIONNAME = "Dmitry Kniazev";
				TargetAttributes = {
					52902D9225712C23002502E1 = {
						CreatedOnToolsVersion = 11.6;
					};
				};
			};
			buildConfigurationList = 52902D8E25712C23002502E1 /* Build configuration list for PBXProject "Beginner-Navigation-Controller" */;
			compatibilityVersion = "Xcode 9.3";
			developmentRegion = en;
			hasScannedForEncodings = 0;
			knownRegions = (
				en,
				Base,
			);
			mainGroup = 52902D8A25712C23002502E1;
			productRefGroup = 52902D9425712C23002502E1 /* Products */;
			projectDirPath = "";
			projectRoot = "";
			targets = (
				52902D9225712C23002502E1 /* Beginner-Navigation-Controller */,
			);
		};
/* End PBXProject section */

/* Begin PBXResourcesBuildPhase section */
		52902D9125712C23002502E1 /* Resources */ = {
			isa = PBXResourcesBuildPhase;
			buildActionMask = 2147483647;
			files = (
				52902DA325712C24002502E1 /* LaunchScreen.storyboard in Resources */,
				52902DA025712C24002502E1 /* Assets.xcassets in Resources */,
				52902D9E25712C23002502E1 /* Main.storyboard in Resources */,
			);
			runOnlyForDeploymentPostprocessing = 0;
		};
/* End PBXResourcesBuildPhase section */

/* Begin PBXSourcesBuildPhase section */
		52902D8F25712C23002502E1 /* Sources */ = {
			isa = PBXSourcesBuildPhase;
			buildActionMask = 2147483647;
			files = (
				52902DAB25712D82002502E1 /* TealViewController.swift in Sources */,
				52902D9B25712C23002502E1 /* ViewController.swift in Sources */,
				52902D9725712C23002502E1 /* AppDelegate.swift in Sources */,
				52902D9925712C23002502E1 /* SceneDelegate.swift in Sources */,
				52902DAF257145CB002502E1 /* YellowViewController.swift in Sources */,
				52902DAD25712D8F002502E1 /* PinkViewController.swift in Sources */,
				52902DB125714852002502E1 /* GreenViewController.swift in Sources */,
			);
			runOnlyForDeploymentPostprocessing = 0;
		};
/* End PBXSourcesBuildPhase section */

/* Begin PBXVariantGroup section */
		52902D9C25712C23002502E1 /* Main.storyboard */ = {
			isa = PBXVariantGroup;
			children = (
				52902D9D25712C23002502E1 /* Base */,
			);
			name = Main.storyboard;
			sourceTree = "<group>";
		};
		52902DA125712C24002502E1 /* LaunchScreen.storyboard */ = {
			isa = PBXVariantGroup;
			children = (
				52902DA225712C24002502E1 /* Base */,
			);
			name = LaunchScreen.storyboard;
			sourceTree = "<group>";
		};
/* End PBXVariantGroup section */

/* Begin XCBuildConfiguration section */
		52902DA525712C24002502E1 /* Debug */ = {
			isa = XCBuildConfiguration;
			buildSettings = {
				ALWAYS_SEARCH_USER_PATHS = NO;
				CLANG_ANALYZER_NONNULL = YES;
				CLANG_ANALYZER_NUMBER_OBJECT_CONVERSION = YES_AGGRESSIVE;
				CLANG_CXX_LANGUAGE_STANDARD = "gnu++14";
				CLANG_CXX_LIBRARY = "libc++";
				CLANG_ENABLE_MODULES = YES;
				CLANG_ENABLE_OBJC_ARC = YES;
				CLANG_ENABLE_OBJC_WEAK = YES;
				CLANG_WARN_BLOCK_CAPTURE_AUTORELEASING = YES;
				CLANG_WARN_BOOL_CONVERSION = YES;
				CLANG_WARN_COMMA = YES;
				CLANG_WARN_CONSTANT_CONVERSION = YES;
				CLANG_WARN_DEPRECATED_OBJC_IMPLEMENTATIONS = YES;
				CLANG_WARN_DIRECT_OBJC_ISA_USAGE = YES_ERROR;
				CLANG_WARN_DOCUMENTATION_COMMENTS = YES;
				CLANG_WARN_EMPTY_BODY = YES;
				CLANG_WARN_ENUM_CONVERSION = YES;
				CLANG_WARN_INFINITE_RECURSION = YES;
				CLANG_WARN_INT_CONVERSION = YES;
				CLANG_WARN_NON_LITERAL_NULL_CONVERSION = YES;
				CLANG_WARN_OBJC_IMPLICIT_RETAIN_SELF = YES;
				CLANG_WARN_OBJC_LITERAL_CONVERSION = YES;
				CLANG_WARN_OBJC_ROOT_CLASS = YES_ERROR;
				CLANG_WARN_RANGE_LOOP_ANALYSIS = YES;
				CLANG_WARN_STRICT_PROTOTYPES = YES;
				CLANG_WARN_SUSPICIOUS_MOVE = YES;
				CLANG_WARN_UNGUARDED_AVAILABILITY = YES_AGGRESSIVE;
				CLANG_WARN_UNREACHABLE_CODE = YES;
				CLANG_WARN__DUPLICATE_METHOD_MATCH = YES;
				COPY_PHASE_STRIP = NO;
				DEBUG_INFORMATION_FORMAT = dwarf;
				ENABLE_STRICT_OBJC_MSGSEND = YES;
				ENABLE_TESTABILITY = YES;
				GCC_C_LANGUAGE_STANDARD = gnu11;
				GCC_DYNAMIC_NO_PIC = NO;
				GCC_NO_COMMON_BLOCKS = YES;
				GCC_OPTIMIZATION_LEVEL = 0;
				GCC_PREPROCESSOR_DEFINITIONS = (
					"DEBUG=1",
					"$(inherited)",
				);
				GCC_WARN_64_TO_32_BIT_CONVERSION = YES;
				GCC_WARN_ABOUT_RETURN_TYPE = YES_ERROR;
				GCC_WARN_UNDECLARED_SELECTOR = YES;
				GCC_WARN_UNINITIALIZED_AUTOS = YES_AGGRESSIVE;
				GCC_WARN_UNUSED_FUNCTION = YES;
				GCC_WARN_UNUSED_VARIABLE = YES;
				IPHONEOS_DEPLOYMENT_TARGET = 13.6;
				MTL_ENABLE_DEBUG_INFO = INCLUDE_SOURCE;
				MTL_FAST_MATH = YES;
				ONLY_ACTIVE_ARCH = YES;
				SDKROOT = iphoneos;
				SWIFT_ACTIVE_COMPILATION_CONDITIONS = DEBUG;
				SWIFT_OPTIMIZATION_LEVEL = "-Onone";
			};
			name = Debug;
		};
		52902DA625712C24002502E1 /* Release */ = {
			isa = XCBuildConfiguration;
			buildSettings = {
				ALWAYS_SEARCH_USER_PATHS = NO;
				CLANG_ANALYZER_NONNULL = YES;
				CLANG_ANALYZER_NUMBER_OBJECT_CONVERSION = YES_AGGRESSIVE;
				CLANG_CXX_LANGUAGE_STANDARD = "gnu++14";
				CLANG_CXX_LIBRARY = "libc++";
				CLANG_ENABLE_MODULES = YES;
				CLANG_ENABLE_OBJC_ARC = YES;
				CLANG_ENABLE_OBJC_WEAK = YES;
				CLANG_WARN_BLOCK_CAPTURE_AUTORELEASING = YES;
				CLANG_WARN_BOOL_CONVERSION = YES;
				CLANG_WARN_COMMA = YES;
				CLANG_WARN_CONSTANT_CONVERSION = YES;
				CLANG_WARN_DEPRECATED_OBJC_IMPLEMENTATIONS = YES;
				CLANG_WARN_DIRECT_OBJC_ISA_USAGE = YES_ERROR;
				CLANG_WARN_DOCUMENTATION_COMMENTS = YES;
				CLANG_WARN_EMPTY_BODY = YES;
				CLANG_WARN_ENUM_CONVERSION = YES;
				CLANG_WARN_INFINITE_RECURSION = YES;
				CLANG_WARN_INT_CONVERSION = YES;
				CLANG_WARN_NON_LITERAL_NULL_CONVERSION = YES;
				CLANG_WARN_OBJC_IMPLICIT_RETAIN_SELF = YES;
				CLANG_WARN_OBJC_LITERAL_CONVERSION = YES;
				CLANG_WARN_OBJC_ROOT_CLASS = YES_ERROR;
				CLANG_WARN_RANGE_LOOP_ANALYSIS = YES;
				CLANG_WARN_STRICT_PROTOTYPES = YES;
				CLANG_WARN_SUSPICIOUS_MOVE = YES;
				CLANG_WARN_UNGUARDED_AVAILABILITY = YES_AGGRESSIVE;
				CLANG_WARN_UNREACHABLE_CODE = YES;
				CLANG_WARN__DUPLICATE_METHOD_MATCH = YES;
				COPY_PHASE_STRIP = NO;
				DEBUG_INFORMATION_FORMAT = "dwarf-with-dsym";
				ENABLE_NS_ASSERTIONS = NO;
				ENABLE_STRICT_OBJC_MSGSEND = YES;
				GCC_C_LANGUAGE_STANDARD = gnu11;
				GCC_NO_COMMON_BLOCKS = YES;
				GCC_WARN_64_TO_32_BIT_CONVERSION = YES;
				GCC_WARN_ABOUT_RETURN_TYPE = YES_ERROR;
				GCC_WARN_UNDECLARED_SELECTOR = YES;
				GCC_WARN_UNINITIALIZED_AUTOS = YES_AGGRESSIVE;
				GCC_WARN_UNUSED_FUNCTION = YES;
				GCC_WARN_UNUSED_VARIABLE = YES;
				IPHONEOS_DEPLOYMENT_TARGET = 13.6;
				MTL_ENABLE_DEBUG_INFO = NO;
				MTL_FAST_MATH = YES;
				SDKROOT = iphoneos;
				SWIFT_COMPILATION_MODE = wholemodule;
				SWIFT_OPTIMIZATION_LEVEL = "-O";
				VALIDATE_PRODUCT = YES;
			};
			name = Release;
		};
		52902DA825712C24002502E1 /* Debug */ = {
			isa = XCBuildConfiguration;
			buildSettings = {
				ASSETCATALOG_COMPILER_APPICON_NAME = AppIcon;
				CODE_SIGN_STYLE = Automatic;
				INFOPLIST_FILE = "Beginner-Navigation-Controller/Info.plist";
				LD_RUNPATH_SEARCH_PATHS = (
					"$(inherited)",
					"@executable_path/Frameworks",
				);
				PRODUCT_BUNDLE_IDENTIFIER = "by.it-minsk.Beginner-Navigation-Controller";
				PRODUCT_NAME = "$(TARGET_NAME)";
				SWIFT_VERSION = 5.0;
				TARGETED_DEVICE_FAMILY = "1,2";
			};
			name = Debug;
		};
		52902DA925712C24002502E1 /* Release */ = {
			isa = XCBuildConfiguration;
			buildSettings = {
				ASSETCATALOG_COMPILER_APPICON_NAME = AppIcon;
				CODE_SIGN_STYLE = Automatic;
				INFOPLIST_FILE = "Beginner-Navigation-Controller/Info.plist";
				LD_RUNPATH_SEARCH_PATHS = (
					"$(inherited)",
					"@executable_path/Frameworks",
				);
				PRODUCT_BUNDLE_IDENTIFIER = "by.it-minsk.Beginner-Navigation-Controller";
				PRODUCT_NAME = "$(TARGET_NAME)";
				SWIFT_VERSION = 5.0;
				TARGETED_DEVICE_FAMILY = "1,2";
			};
			name = Release;
		};
/* End XCBuildConfiguration section */

/* Begin XCConfigurationList section */
		52902D8E25712C23002502E1 /* Build configuration list for PBXProject "Beginner-Navigation-Controller" */ = {
			isa = XCConfigurationList;
			buildConfigurations = (
				52902DA525712C24002502E1 /* Debug */,
				52902DA625712C24002502E1 /* Release */,
			);
			defaultConfigurationIsVisible = 0;
			defaultConfigurationName = Release;
		};
		52902DA725712C24002502E1 /* Build configuration list for PBXNativeTarget "Beginner-Navigation-Controller" */ = {
			isa = XCConfigurationList;
			buildConfigurations = (
				52902DA825712C24002502E1 /* Debug */,
				52902DA925712C24002502E1 /* Release */,
			);
			defaultConfigurationIsVisible = 0;
			defaultConfigurationName = Release;
		};
/* End XCConfigurationList section */
	};
	rootObject = 52902D8B25712C23002502E1 /* Project object */;
}
